
Microsoft Visual Studio Solution File, Format Version 10.00
# Visual Studio 2008
Project("{8BC9CEB8-8B4A-11D0-8D11-00A0C91BC942}") = "3DPhotoBrowser", "3DPhotoBrowser.vcproj", "{4409A491-B55F-4456-86D8-76516897076B}"
EndProject
Global
	GlobalSection(SolutionConfigurationPlatforms) = preSolution
		Debug|Win32 = Debug|Win32
		Release|Win32 = Release|Win32
	EndGlobalSection
	GlobalSection(ProjectConfigurationPlatforms) = postSolution
		{4409A491-B55F-4456-86D8-76516897076B}.Debug|Win32.ActiveCfg = Debug|Win32
		{4409A491-B55F-4456-86D8-76516897076B}.Debug|Win32.Build.0 = Debug|Win32
		{4409A491-B55F-4456-86D8-76516897076B}.Release|Win32.ActiveCfg = Release|Win32
		{4409A491-B55F-4456-86D8-76516897076B}.Release|Win32.Build.0 = Release|Win32
	EndGlobalSection
	GlobalSection(SolutionProperties) = preSolution
		HideSolutionNode = FALSE
	EndGlobalSection
EndGlobal
